
Microsoft Visual Studio Solution File, Format Version 12.00
# Visual Studio 15
VisualStudioVersion = 15.0.26124.0
MinimumVisualStudioVersion = 15.0.26124.0
Project("{FAE04EC0-301F-11D3-BF4B-00C04F79EFBC}") = "Service.Test", "Service.Test\Service.Test.csproj", "{3CF2057C-4C80-4F33-A649-4B432418253E}"
EndProject
Project("{FAE04EC0-301F-11D3-BF4B-00C04F79EFBC}") = "Service", "Service\Service.csproj", "{1E8FDE25-24CC-455A-B4DA-E5E0EF59898C}"
EndProject
Project("{FAE04EC0-301F-11D3-BF4B-00C04F79EFBC}") = "App", "App\App.csproj", "{C66B4E87-1453-4DCF-BE02-CFE98CECAE56}"
EndProject
Global
	GlobalSection(SolutionConfigurationPlatforms) = preSolution
		Debug|Any CPU = Debug|Any CPU
		Debug|x64 = Debug|x64
		Debug|x86 = Debug|x86
		Release|Any CPU = Release|Any CPU
		Release|x64 = Release|x64
		Release|x86 = Release|x86
	EndGlobalSection
	GlobalSection(SolutionProperties) = preSolution
		HideSolutionNode = FALSE
	EndGlobalSection
	GlobalSection(ProjectConfigurationPlatforms) = postSolution
		{3CF2057C-4C80-4F33-A649-4B432418253E}.Debug|Any CPU.ActiveCfg = Debug|Any CPU
		{3CF2057C-4C80-4F33-A649-4B432418253E}.Debug|Any CPU.Build.0 = Debug|Any CPU
		{3CF2057C-4C80-4F33-A649-4B432418253E}.Debug|x64.ActiveCfg = Debug|Any CPU
		{3CF2057C-4C80-4F33-A649-4B432418253E}.Debug|x64.Build.0 = Debug|Any CPU
		{3CF2057C-4C80-4F33-A649-4B432418253E}.Debug|x86.ActiveCfg = Debug|Any CPU
		{3CF2057C-4C80-4F33-A649-4B432418253E}.Debug|x86.Build.0 = Debug|Any CPU
		{3CF2057C-4C80-4F33-A649-4B432418253E}.Release|Any CPU.ActiveCfg = Release|Any CPU
		{3CF2057C-4C80-4F33-A649-4B432418253E}.Release|Any CPU.Build.0 = Release|Any CPU
		{3CF2057C-4C80-4F33-A649-4B432418253E}.Release|x64.ActiveCfg = Release|Any CPU
		{3CF2057C-4C80-4F33-A649-4B432418253E}.Release|x64.Build.0 = Release|Any CPU
		{3CF2057C-4C80-4F33-A649-4B432418253E}.Release|x86.ActiveCfg = Release|Any CPU
		{3CF2057C-4C80-4F33-A649-4B432418253E}.Release|x86.Build.0 = Release|Any CPU
		{1E8FDE25-24CC-455A-B4DA-E5E0EF59898C}.Debug|Any CPU.ActiveCfg = Debug|Any CPU
		{1E8FDE25-24CC-455A-B4DA-E5E0EF59898C}.Debug|Any CPU.Build.0 = Debug|Any CPU
		{1E8FDE25-24CC-455A-B4DA-E5E0EF59898C}.Debug|x64.ActiveCfg = Debug|Any CPU
		{1E8FDE25-24CC-455A-B4DA-E5E0EF59898C}.Debug|x64.Build.0 = Debug|Any CPU
		{1E8FDE25-24CC-455A-B4DA-E5E0EF59898C}.Debug|x86.ActiveCfg = Debug|Any CPU
		{1E8FDE25-24CC-455A-B4DA-E5E0EF59898C}.Debug|x86.Build.0 = Debug|Any CPU
		{1E8FDE25-24CC-455A-B4DA-E5E0EF59898C}.Release|Any CPU.ActiveCfg = Release|Any CPU
		{1E8FDE25-24CC-455A-B4DA-E5E0EF59898C}.Release|Any CPU.Build.0 = Release|Any CPU
		{1E8FDE25-24CC-455A-B4DA-E5E0EF59898C}.Release|x64.ActiveCfg = Release|Any CPU
		{1E8FDE25-24CC-455A-B4DA-E5E0EF59898C}.Release|x64.Build.0 = Release|Any CPU
		{1E8FDE25-24CC-455A-B4DA-E5E0EF59898C}.Release|x86.ActiveCfg = Release|Any CPU
		{1E8FDE25-24CC-455A-B4DA-E5E0EF59898C}.Release|x86.Build.0 = Release|Any CPU
		{C66B4E87-1453-4DCF-BE02-CFE98CECAE56}.Debug|Any CPU.ActiveCfg = Debug|Any CPU
		{C66B4E87-1453-4DCF-BE02-CFE98CECAE56}.Debug|Any CPU.Build.0 = Debug|Any CPU
		{C66B4E87-1453-4DCF-BE02-CFE98CECAE56}.Debug|x64.ActiveCfg = Debug|Any CPU
		{C66B4E87-1453-4DCF-BE02-CFE98CECAE56}.Debug|x64.Build.0 = Debug|Any CPU
		{C66B4E87-1453-4DCF-BE02-CFE98CECAE56}.Debug|x86.ActiveCfg = Debug|Any CPU
		{C66B4E87-1453-4DCF-BE02-CFE98CECAE56}.Debug|x86.Build.0 = Debug|Any CPU
		{C66B4E87-1453-4DCF-BE02-CFE98CECAE56}.Release|Any CPU.ActiveCfg = Release|Any CPU
		{C66B4E87-1453-4DCF-BE02-CFE98CECAE56}.Release|Any CPU.Build.0 = Release|Any CPU
		{C66B4E87-1453-4DCF-BE02-CFE98CECAE56}.Release|x64.ActiveCfg = Release|Any CPU
		{C66B4E87-1453-4DCF-BE02-CFE98CECAE56}.Release|x64.Build.0 = Release|Any CPU
		{C66B4E87-1453-4DCF-BE02-CFE98CECAE56}.Release|x86.ActiveCfg = Release|Any CPU
		{C66B4E87-1453-4DCF-BE02-CFE98CECAE56}.Release|x86.Build.0 = Release|Any CPU
	EndGlobalSection
EndGlobal
